
Microsoft Visual Studio Solution File, Format Version 12.00
# Visual Studio Version 16
VisualStudioVersion = 16.0.31112.23
MinimumVisualStudioVersion = 10.0.40219.1
Project("{9A19103F-16F7-4668-BE54-9A1E7A4F7556}") = "Entities", "Entities\Entities.csproj", "{92A809DE-34FD-4F0C-8AED-A9FD1401DDAE}"
EndProject
Project("{9A19103F-16F7-4668-BE54-9A1E7A4F7556}") = "DataAccess", "DataAccess\DataAccess.csproj", "{D84FA5F5-4556-4FDB-B334-79AB7E41EDC5}"
EndProject
Project("{9A19103F-16F7-4668-BE54-9A1E7A4F7556}") = "Business", "Business\Business.csproj", "{F51345CD-52FF-4074-B038-824A1E6CE249}"
EndProject
Project("{9A19103F-16F7-4668-BE54-9A1E7A4F7556}") = "WebApi", "WebApi\WebApi.csproj", "{1F01BE71-D322-46EC-945F-CD7B40B8832A}"
EndProject
Global
	GlobalSection(SolutionConfigurationPlatforms) = preSolution
		Debug|Any CPU = Debug|Any CPU
		Release|Any CPU = Release|Any CPU
	EndGlobalSection
	GlobalSection(ProjectConfigurationPlatforms) = postSolution
		{92A809DE-34FD-4F0C-8AED-A9FD1401DDAE}.Debug|Any CPU.ActiveCfg = Debug|Any CPU
		{92A809DE-34FD-4F0C-8AED-A9FD1401DDAE}.Debug|Any CPU.Build.0 = Debug|Any CPU
		{92A809DE-34FD-4F0C-8AED-A9FD1401DDAE}.Release|Any CPU.ActiveCfg = Release|Any CPU
		{92A809DE-34FD-4F0C-8AED-A9FD1401DDAE}.Release|Any CPU.Build.0 = Release|Any CPU
		{D84FA5F5-4556-4FDB-B334-79AB7E41EDC5}.Debug|Any CPU.ActiveCfg = Debug|Any CPU
		{D84FA5F5-4556-4FDB-B334-79AB7E41EDC5}.Debug|Any CPU.Build.0 = Debug|Any CPU
		{D84FA5F5-4556-4FDB-B334-79AB7E41EDC5}.Release|Any CPU.ActiveCfg = Release|Any CPU
		{D84FA5F5-4556-4FDB-B334-79AB7E41EDC5}.Release|Any CPU.Build.0 = Release|Any CPU
		{F51345CD-52FF-4074-B038-824A1E6CE249}.Debug|Any CPU.ActiveCfg = Debug|Any CPU
		{F51345CD-52FF-4074-B038-824A1E6CE249}.Debug|Any CPU.Build.0 = Debug|Any CPU
		{F51345CD-52FF-4074-B038-824A1E6CE249}.Release|Any CPU.ActiveCfg = Release|Any CPU
		{F51345CD-52FF-4074-B038-824A1E6CE249}.Release|Any CPU.Build.0 = Release|Any CPU
		{1F01BE71-D322-46EC-945F-CD7B40B8832A}.Debug|Any CPU.ActiveCfg = Debug|Any CPU
		{1F01BE71-D322-46EC-945F-CD7B40B8832A}.Debug|Any CPU.Build.0 = Debug|Any CPU
		{1F01BE71-D322-46EC-945F-CD7B40B8832A}.Release|Any CPU.ActiveCfg = Release|Any CPU
		{1F01BE71-D322-46EC-945F-CD7B40B8832A}.Release|Any CPU.Build.0 = Release|Any CPU
	EndGlobalSection
	GlobalSection(SolutionProperties) = preSolution
		HideSolutionNode = FALSE
	EndGlobalSection
	GlobalSection(ExtensibilityGlobals) = postSolution
		SolutionGuid = {80D06B8F-0731-4DE4-9F95-952A99BD9BB8}
	EndGlobalSection
EndGlobal
